// !$*UTF8*$!
{
	archiveVersion = 1;
	classes = {
	};
	objectVersion = 56;
	objects = {

/* Begin PBXBuildFile section */
		0735559D2959C3DF00B27565 /* LocationsListView.swift in Sources */ = {isa = PBXBuildFile; fileRef = 0735559C2959C3DF00B27565 /* LocationsListView.swift */; };
		0735559F2959E06B00B27565 /* LocationPreviewView.swift in Sources */ = {isa = PBXBuildFile; fileRef = 0735559E2959E06B00B27565 /* LocationPreviewView.swift */; };
		0752885A2959F5E2007DD59D /* LocationMapAnnotationView.swift in Sources */ = {isa = PBXBuildFile; fileRef = 075288592959F5E2007DD59D /* LocationMapAnnotationView.swift */; };
		0752885C2959FA14007DD59D /* LocationDetailView.swift in Sources */ = {isa = PBXBuildFile; fileRef = 0752885B2959FA14007DD59D /* LocationDetailView.swift */; };
		079128F029567A540047B37A /* SwiftUIMapAppApp.swift in Sources */ = {isa = PBXBuildFile; fileRef = 079128EF29567A540047B37A /* SwiftUIMapAppApp.swift */; };
		079128F229567A540047B37A /* ContentView.swift in Sources */ = {isa = PBXBuildFile; fileRef = 079128F129567A540047B37A /* ContentView.swift */; };
		079128F729567A560047B37A /* Preview Assets.xcassets in Resources */ = {isa = PBXBuildFile; fileRef = 079128F629567A560047B37A /* Preview Assets.xcassets */; };
		079128FE29567B000047B37A /* Assets.xcassets in Resources */ = {isa = PBXBuildFile; fileRef = 079128FD29567B000047B37A /* Assets.xcassets */; };
		0791290329571CF00047B37A /* Location.swift in Sources */ = {isa = PBXBuildFile; fileRef = 0791290229571CF00047B37A /* Location.swift */; };
		0791290629571D1A0047B37A /* LocationsDataService.swift in Sources */ = {isa = PBXBuildFile; fileRef = 0791290529571D1A0047B37A /* LocationsDataService.swift */; };
		079129082959A1E70047B37A /* LocationsView.swift in Sources */ = {isa = PBXBuildFile; fileRef = 079129072959A1E70047B37A /* LocationsView.swift */; };
		0791290A2959A4440047B37A /* LocationsViewModel.swift in Sources */ = {isa = PBXBuildFile; fileRef = 079129092959A4440047B37A /* LocationsViewModel.swift */; };
/* End PBXBuildFile section */

/* Begin PBXFileReference section */
		0735559C2959C3DF00B27565 /* LocationsListView.swift */ = {isa = PBXFileReference; lastKnownFileType = sourcecode.swift; path = LocationsListView.swift; sourceTree = "<group>"; };
		0735559E2959E06B00B27565 /* LocationPreviewView.swift */ = {isa = PBXFileReference; lastKnownFileType = sourcecode.swift; path = LocationPreviewView.swift; sourceTree = "<group>"; };
		075288592959F5E2007DD59D /* LocationMapAnnotationView.swift */ = {isa = PBXFileReference; lastKnownFileType = sourcecode.swift; path = LocationMapAnnotationView.swift; sourceTree = "<group>"; };
		0752885B2959FA14007DD59D /* LocationDetailView.swift */ = {isa = PBXFileReference; lastKnownFileType = sourcecode.swift; path = LocationDetailView.swift; sourceTree = "<group>"; };
		079128EC29567A540047B37A /* SwiftUIMapApp.app */ = {isa = PBXFileReference; explicitFileType = wrapper.application; includeInIndex = 0; path = SwiftUIMapApp.app; sourceTree = BUILT_PRODUCTS_DIR; };
		079128EF29567A540047B37A /* SwiftUIMapAppApp.swift */ = {isa = PBXFileReference; lastKnownFileType = sourcecode.swift; path = SwiftUIMapAppApp.swift; sourceTree = "<group>"; };
		079128F129567A540047B37A /* ContentView.swift */ = {isa = PBXFileReference; lastKnownFileType = sourcecode.swift; path = ContentView.swift; sourceTree = "<group>"; };
		079128F629567A560047B37A /* Preview Assets.xcassets */ = {isa = PBXFileReference; lastKnownFileType = folder.assetcatalog; path = "Preview Assets.xcassets"; sourceTree = "<group>"; };
		079128FD29567B000047B37A /* Assets.xcassets */ = {isa = PBXFileReference; lastKnownFileType = folder.assetcatalog; path = Assets.xcassets; sourceTree = "<group>"; };
		0791290229571CF00047B37A /* Location.swift */ = {isa = PBXFileReference; lastKnownFileType = sourcecode.swift; path = Location.swift; sourceTree = "<group>"; };
		0791290529571D1A0047B37A /* LocationsDataService.swift */ = {isa = PBXFileReference; fileEncoding = 4; lastKnownFileType = sourcecode.swift; path = LocationsDataService.swift; sourceTree = "<group>"; };
		079129072959A1E70047B37A /* LocationsView.swift */ = {isa = PBXFileReference; lastKnownFileType = sourcecode.swift; path = LocationsView.swift; sourceTree = "<group>"; };
		079129092959A4440047B37A /* LocationsViewModel.swift */ = {isa = PBXFileReference; lastKnownFileType = sourcecode.swift; path = LocationsViewModel.swift; sourceTree = "<group>"; };
/* End PBXFileReference section */

/* Begin PBXFrameworksBuildPhase section */
		079128E929567A540047B37A /* Frameworks */ = {
			isa = PBXFrameworksBuildPhase;
			buildActionMask = 2147483647;
			files = (
			);
			runOnlyForDeploymentPostprocessing = 0;
		};
/* End PBXFrameworksBuildPhase section */

/* Begin PBXGroup section */
		079128E329567A540047B37A = {
			isa = PBXGroup;
			children = (
				079128EE29567A540047B37A /* SwiftUIMapApp */,
				079128ED29567A540047B37A /* Products */,
			);
			sourceTree = "<group>";
		};
		079128ED29567A540047B37A /* Products */ = {
			isa = PBXGroup;
			children = (
				079128EC29567A540047B37A /* SwiftUIMapApp.app */,
			);
			name = Products;
			sourceTree = "<group>";
		};
		079128EE29567A540047B37A /* SwiftUIMapApp */ = {
			isa = PBXGroup;
			children = (
				0791290429571CF80047B37A /* DataServices */,
				0791290029567BF50047B37A /* Views */,
				0791290129567BFB0047B37A /* ViewModels */,
				079128FF29567BEF0047B37A /* Models */,
				079128EF29567A540047B37A /* SwiftUIMapAppApp.swift */,
				079128F129567A540047B37A /* ContentView.swift */,
				079128FD29567B000047B37A /* Assets.xcassets */,
				079128F529567A560047B37A /* Preview Content */,
			);
			path = SwiftUIMapApp;
			sourceTree = "<group>";
		};
		079128F529567A560047B37A /* Preview Content */ = {
			isa = PBXGroup;
			children = (
				079128F629567A560047B37A /* Preview Assets.xcassets */,
			);
			path = "Preview Content";
			sourceTree = "<group>";
		};
		079128FF29567BEF0047B37A /* Models */ = {
			isa = PBXGroup;
			children = (
				0791290229571CF00047B37A /* Location.swift */,
			);
			path = Models;
			sourceTree = "<group>";
		};
		0791290029567BF50047B37A /* Views */ = {
			isa = PBXGroup;
			children = (
				079129072959A1E70047B37A /* LocationsView.swift */,
				0735559C2959C3DF00B27565 /* LocationsListView.swift */,
				0735559E2959E06B00B27565 /* LocationPreviewView.swift */,
				075288592959F5E2007DD59D /* LocationMapAnnotationView.swift */,
				0752885B2959FA14007DD59D /* LocationDetailView.swift */,
			);
			path = Views;
			sourceTree = "<group>";
		};
		0791290129567BFB0047B37A /* ViewModels */ = {
			isa = PBXGroup;
			children = (
				079129092959A4440047B37A /* LocationsViewModel.swift */,
			);
			path = ViewModels;
			sourceTree = "<group>";
		};
		0791290429571CF80047B37A /* DataServices */ = {
			isa = PBXGroup;
			children = (
				0791290529571D1A0047B37A /* LocationsDataService.swift */,
			);
			path = DataServices;
			sourceTree = "<group>";
		};
/* End PBXGroup section */

/* Begin PBXNativeTarget section */
		079128EB29567A540047B37A /* SwiftUIMapApp */ = {
			isa = PBXNativeTarget;
			buildConfigurationList = 079128FA29567A560047B37A /* Build configuration list for PBXNativeTarget "SwiftUIMapApp" */;
			buildPhases = (
				079128E829567A540047B37A /* Sources */,
				079128E929567A540047B37A /* Frameworks */,
				079128EA29567A540047B37A /* Resources */,
			);
			buildRules = (
			);
			dependencies = (
			);
			name = SwiftUIMapApp;
			productName = SwiftUIMapApp;
			productReference = 079128EC29567A540047B37A /* SwiftUIMapApp.app */;
			productType = "com.apple.product-type.application";
		};
/* End PBXNativeTarget section */

/* Begin PBXProject section */
		079128E429567A540047B37A /* Project object */ = {
			isa = PBXProject;
			attributes = {
				BuildIndependentTargetsInParallel = 1;
				LastSwiftUpdateCheck = 1420;
				LastUpgradeCheck = 1420;
				TargetAttributes = {
					079128EB29567A540047B37A = {
						CreatedOnToolsVersion = 14.2;
					};
				};
			};
			buildConfigurationList = 079128E729567A540047B37A /* Build configuration list for PBXProject "SwiftUIMapApp" */;
			compatibilityVersion = "Xcode 14.0";
			developmentRegion = en;
			hasScannedForEncodings = 0;
			knownRegions = (
				en,
				Base,
			);
			mainGroup = 079128E329567A540047B37A;
			productRefGroup = 079128ED29567A540047B37A /* Products */;
			projectDirPath = "";
			projectRoot = "";
			targets = (
				079128EB29567A540047B37A /* SwiftUIMapApp */,
			);
		};
/* End PBXProject section */

/* Begin PBXResourcesBuildPhase section */
		079128EA29567A540047B37A /* Resources */ = {
			isa = PBXResourcesBuildPhase;
			buildActionMask = 2147483647;
			files = (
				079128FE29567B000047B37A /* Assets.xcassets in Resources */,
				079128F729567A560047B37A /* Preview Assets.xcassets in Resources */,
			);
			runOnlyForDeploymentPostprocessing = 0;
		};
/* End PBXResourcesBuildPhase section */

/* Begin PBXSourcesBuildPhase section */
		079128E829567A540047B37A /* Sources */ = {
			isa = PBXSourcesBuildPhase;
			buildActionMask = 2147483647;
			files = (
				0791290629571D1A0047B37A /* LocationsDataService.swift in Sources */,
				0752885A2959F5E2007DD59D /* LocationMapAnnotationView.swift in Sources */,
				0735559D2959C3DF00B27565 /* LocationsListView.swift in Sources */,
				0735559F2959E06B00B27565 /* LocationPreviewView.swift in Sources */,
				0791290A2959A4440047B37A /* LocationsViewModel.swift in Sources */,
				079128F229567A540047B37A /* ContentView.swift in Sources */,
				079129082959A1E70047B37A /* LocationsView.swift in Sources */,
				0791290329571CF00047B37A /* Location.swift in Sources */,
				0752885C2959FA14007DD59D /* LocationDetailView.swift in Sources */,
				079128F029567A540047B37A /* SwiftUIMapAppApp.swift in Sources */,
			);
			runOnlyForDeploymentPostprocessing = 0;
		};
/* End PBXSourcesBuildPhase section */

/* Begin XCBuildConfiguration section */
		079128F829567A560047B37A /* Debug */ = {
			isa = XCBuildConfiguration;
			buildSettings = {
				ALWAYS_SEARCH_USER_PATHS = NO;
				CLANG_ANALYZER_NONNULL = YES;
				CLANG_ANALYZER_NUMBER_OBJECT_CONVERSION = YES_AGGRESSIVE;
				CLANG_CXX_LANGUAGE_STANDARD = "gnu++20";
				CLANG_ENABLE_MODULES = YES;
				CLANG_ENABLE_OBJC_ARC = YES;
				CLANG_ENABLE_OBJC_WEAK = YES;
				CLANG_WARN_BLOCK_CAPTURE_AUTORELEASING = YES;
				CLANG_WARN_BOOL_CONVERSION = YES;
				CLANG_WARN_COMMA = YES;
				CLANG_WARN_CONSTANT_CONVERSION = YES;
				CLANG_WARN_DEPRECATED_OBJC_IMPLEMENTATIONS = YES;
				CLANG_WARN_DIRECT_OBJC_ISA_USAGE = YES_ERROR;
				CLANG_WARN_DOCUMENTATION_COMMENTS = YES;
				CLANG_WARN_EMPTY_BODY = YES;
				CLANG_WARN_ENUM_CONVERSION = YES;
				CLANG_WARN_INFINITE_RECURSION = YES;
				CLANG_WARN_INT_CONVERSION = YES;
				CLANG_WARN_NON_LITERAL_NULL_CONVERSION = YES;
				CLANG_WARN_OBJC_IMPLICIT_RETAIN_SELF = YES;
				CLANG_WARN_OBJC_LITERAL_CONVERSION = YES;
				CLANG_WARN_OBJC_ROOT_CLASS = YES_ERROR;
				CLANG_WARN_QUOTED_INCLUDE_IN_FRAMEWORK_HEADER = YES;
				CLANG_WARN_RANGE_LOOP_ANALYSIS = YES;
				CLANG_WARN_STRICT_PROTOTYPES = YES;
				CLANG_WARN_SUSPICIOUS_MOVE = YES;
				CLANG_WARN_UNGUARDED_AVAILABILITY = YES_AGGRESSIVE;
				CLANG_WARN_UNREACHABLE_CODE = YES;
				CLANG_WARN__DUPLICATE_METHOD_MATCH = YES;
				COPY_PHASE_STRIP = NO;
				DEBUG_INFORMATION_FORMAT = dwarf;
				ENABLE_STRICT_OBJC_MSGSEND = YES;
				ENABLE_TESTABILITY = YES;
				GCC_C_LANGUAGE_STANDARD = gnu11;
				GCC_DYNAMIC_NO_PIC = NO;
				GCC_NO_COMMON_BLOCKS = YES;
				GCC_OPTIMIZATION_LEVEL = 0;
				GCC_PREPROCESSOR_DEFINITIONS = (
					"DEBUG=1",
					"$(inherited)",
				);
				GCC_WARN_64_TO_32_BIT_CONVERSION = YES;
				GCC_WARN_ABOUT_RETURN_TYPE = YES_ERROR;
				GCC_WARN_UNDECLARED_SELECTOR = YES;
				GCC_WARN_UNINITIALIZED_AUTOS = YES_AGGRESSIVE;
				GCC_WARN_UNUSED_FUNCTION = YES;
				GCC_WARN_UNUSED_VARIABLE = YES;
				IPHONEOS_DEPLOYMENT_TARGET = 16.2;
				MTL_ENABLE_DEBUG_INFO = INCLUDE_SOURCE;
				MTL_FAST_MATH = YES;
				ONLY_ACTIVE_ARCH = YES;
				SDKROOT = iphoneos;
				SWIFT_ACTIVE_COMPILATION_CONDITIONS = DEBUG;
				SWIFT_OPTIMIZATION_LEVEL = "-Onone";
			};
			name = Debug;
		};
		079128F929567A560047B37A /* Release */ = {
			isa = XCBuildConfiguration;
			buildSettings = {
				ALWAYS_SEARCH_USER_PATHS = NO;
				CLANG_ANALYZER_NONNULL = YES;
				CLANG_ANALYZER_NUMBER_OBJECT_CONVERSION = YES_AGGRESSIVE;
				CLANG_CXX_LANGUAGE_STANDARD = "gnu++20";
				CLANG_ENABLE_MODULES = YES;
				CLANG_ENABLE_OBJC_ARC = YES;
				CLANG_ENABLE_OBJC_WEAK = YES;
				CLANG_WARN_BLOCK_CAPTURE_AUTORELEASING = YES;
				CLANG_WARN_BOOL_CONVERSION = YES;
				CLANG_WARN_COMMA = YES;
				CLANG_WARN_CONSTANT_CONVERSION = YES;
				CLANG_WARN_DEPRECATED_OBJC_IMPLEMENTATIONS = YES;
				CLANG_WARN_DIRECT_OBJC_ISA_USAGE = YES_ERROR;
				CLANG_WARN_DOCUMENTATION_COMMENTS = YES;
				CLANG_WARN_EMPTY_BODY = YES;
				CLANG_WARN_ENUM_CONVERSION = YES;
				CLANG_WARN_INFINITE_RECURSION = YES;
				CLANG_WARN_INT_CONVERSION = YES;
				CLANG_WARN_NON_LITERAL_NULL_CONVERSION = YES;
				CLANG_WARN_OBJC_IMPLICIT_RETAIN_SELF = YES;
				CLANG_WARN_OBJC_LITERAL_CONVERSION = YES;
				CLANG_WARN_OBJC_ROOT_CLASS = YES_ERROR;
				CLANG_WARN_QUOTED_INCLUDE_IN_FRAMEWORK_HEADER = YES;
				CLANG_WARN_RANGE_LOOP_ANALYSIS = YES;
				CLANG_WARN_STRICT_PROTOTYPES = YES;
				CLANG_WARN_SUSPICIOUS_MOVE = YES;
				CLANG_WARN_UNGUARDED_AVAILABILITY = YES_AGGRESSIVE;
				CLANG_WARN_UNREACHABLE_CODE = YES;
				CLANG_WARN__DUPLICATE_METHOD_MATCH = YES;
				COPY_PHASE_STRIP = NO;
				DEBUG_INFORMATION_FORMAT = "dwarf-with-dsym";
				ENABLE_NS_ASSERTIONS = NO;
				ENABLE_STRICT_OBJC_MSGSEND = YES;
				GCC_C_LANGUAGE_STANDARD = gnu11;
				GCC_NO_COMMON_BLOCKS = YES;
				GCC_WARN_64_TO_32_BIT_CONVERSION = YES;
				GCC_WARN_ABOUT_RETURN_TYPE = YES_ERROR;
				GCC_WARN_UNDECLARED_SELECTOR = YES;
				GCC_WARN_UNINITIALIZED_AUTOS = YES_AGGRESSIVE;
				GCC_WARN_UNUSED_FUNCTION = YES;
				GCC_WARN_UNUSED_VARIABLE = YES;
				IPHONEOS_DEPLOYMENT_TARGET = 16.2;
				MTL_ENABLE_DEBUG_INFO = NO;
				MTL_FAST_MATH = YES;
				SDKROOT = iphoneos;
				SWIFT_COMPILATION_MODE = wholemodule;
				SWIFT_OPTIMIZATION_LEVEL = "-O";
				VALIDATE_PRODUCT = YES;
			};
			name = Release;
		};
		079128FB29567A560047B37A /* Debug */ = {
			isa = XCBuildConfiguration;
			buildSettings = {
				ASSETCATALOG_COMPILER_APPICON_NAME = AppIcon;
				ASSETCATALOG_COMPILER_GLOBAL_ACCENT_COLOR_NAME = AccentColor;
				CODE_SIGN_STYLE = Automatic;
				CURRENT_PROJECT_VERSION = 1;
				DEVELOPMENT_ASSET_PATHS = "\"SwiftUIMapApp/Preview Content\"";
				DEVELOPMENT_TEAM = HXG77LVF2P;
				ENABLE_PREVIEWS = YES;
				GENERATE_INFOPLIST_FILE = YES;
				INFOPLIST_KEY_UIApplicationSceneManifest_Generation = YES;
				INFOPLIST_KEY_UIApplicationSupportsIndirectInputEvents = YES;
				INFOPLIST_KEY_UILaunchScreen_Generation = YES;
				INFOPLIST_KEY_UISupportedInterfaceOrientations_iPad = "UIInterfaceOrientationPortrait UIInterfaceOrientationPortraitUpsideDown UIInterfaceOrientationLandscapeLeft UIInterfaceOrientationLandscapeRight";
				INFOPLIST_KEY_UISupportedInterfaceOrientations_iPhone = "UIInterfaceOrientationPortrait UIInterfaceOrientationLandscapeLeft UIInterfaceOrientationLandscapeRight";
				LD_RUNPATH_SEARCH_PATHS = (
					"$(inherited)",
					"@executable_path/Frameworks",
				);
				MARKETING_VERSION = 1.0;
				PRODUCT_BUNDLE_IDENTIFIER = co.impactzero.SwiftUIMapApp;
				PRODUCT_NAME = "$(TARGET_NAME)";
				SWIFT_EMIT_LOC_STRINGS = YES;
				SWIFT_VERSION = 5.0;
				TARGETED_DEVICE_FAMILY = "1,2";
			};
			name = Debug;
		};
		079128FC29567A560047B37A /* Release */ = {
			isa = XCBuildConfiguration;
			buildSettings = {
				ASSETCATALOG_COMPILER_APPICON_NAME = AppIcon;
				ASSETCATALOG_COMPILER_GLOBAL_ACCENT_COLOR_NAME = AccentColor;
				CODE_SIGN_STYLE = Automatic;
				CURRENT_PROJECT_VERSION = 1;
				DEVELOPMENT_ASSET_PATHS = "\"SwiftUIMapApp/Preview Content\"";
				DEVELOPMENT_TEAM = HXG77LVF2P;
				ENABLE_PREVIEWS = YES;
				GENERATE_INFOPLIST_FILE = YES;
				INFOPLIST_KEY_UIApplicationSceneManifest_Generation = YES;
				INFOPLIST_KEY_UIApplicationSupportsIndirectInputEvents = YES;
				INFOPLIST_KEY_UILaunchScreen_Generation = YES;
				INFOPLIST_KEY_UISupportedInterfaceOrientations_iPad = "UIInterfaceOrientationPortrait UIInterfaceOrientationPortraitUpsideDown UIInterfaceOrientationLandscapeLeft UIInterfaceOrientationLandscapeRight";
				INFOPLIST_KEY_UISupportedInterfaceOrientations_iPhone = "UIInterfaceOrientationPortrait UIInterfaceOrientationLandscapeLeft UIInterfaceOrientationLandscapeRight";
				LD_RUNPATH_SEARCH_PATHS = (
					"$(inherited)",
					"@executable_path/Frameworks",
				);
				MARKETING_VERSION = 1.0;
				PRODUCT_BUNDLE_IDENTIFIER = co.impactzero.SwiftUIMapApp;
				PRODUCT_NAME = "$(TARGET_NAME)";
				SWIFT_EMIT_LOC_STRINGS = YES;
				SWIFT_VERSION = 5.0;
				TARGETED_DEVICE_FAMILY = "1,2";
			};
			name = Release;
		};
/* End XCBuildConfiguration section */

/* Begin XCConfigurationList section */
		079128E729567A540047B37A /* Build configuration list for PBXProject "SwiftUIMapApp" */ = {
			isa = XCConfigurationList;
			buildConfigurations = (
				079128F829567A560047B37A /* Debug */,
				079128F929567A560047B37A /* Release */,
			);
			defaultConfigurationIsVisible = 0;
			defaultConfigurationName = Release;
		};
		079128FA29567A560047B37A /* Build configuration list for PBXNativeTarget "SwiftUIMapApp" */ = {
			isa = XCConfigurationList;
			buildConfigurations = (
				079128FB29567A560047B37A /* Debug */,
				079128FC29567A560047B37A /* Release */,
			);
			defaultConfigurationIsVisible = 0;
			defaultConfigurationName = Release;
		};
/* End XCConfigurationList section */
	};
	rootObject = 079128E429567A540047B37A /* Project object */;
}
